lockfileVersion: 5.4

specifiers:
  '@ts-rest/core': ^3.18.1
  '@types/node': ^18.15.6
  hono: ^3.0.2
  pkgroll: ^1.9.0
  rimraf: ^4.4.1
  typescript: ^4

devDependencies:
  '@ts-rest/core': 3.18.1
  '@types/node': 18.15.6
  hono: 3.1.2
  pkgroll: 1.9.0_typescript@4.9.5
  rimraf: 4.4.1
  typescript: 4.9.5

packages:

  /@esbuild/android-arm/0.17.12:
    resolution: {integrity: sha512-E/sgkvwoIfj4aMAPL2e35VnUJspzVYl7+M1B2cqeubdBhADV4uPon0KCc8p2G+LqSJ6i8ocYPCqY3A4GGq0zkQ==}
    engines: {node: '>=12'}
    cpu: [arm]
    os: [android]
    requiresBuild: true
    dev: true
    optional: true

  /@esbuild/android-arm64/0.17.12:
    resolution: {integrity: sha512-WQ9p5oiXXYJ33F2EkE3r0FRDFVpEdcDiwNX3u7Xaibxfx6vQE0Sb8ytrfQsA5WO6kDn6mDfKLh6KrPBjvkk7xA==}
    engines: {node: '>=12'}
    cpu: [arm64]
    os: [android]
    requiresBuild: true
    dev: true
    optional: true

  /@esbuild/android-x64/0.17.12:
    resolution: {integrity: sha512-m4OsaCr5gT+se25rFPHKQXARMyAehHTQAz4XX1Vk3d27VtqiX0ALMBPoXZsGaB6JYryCLfgGwUslMqTfqeLU0w==}
    engines: {node: '>=12'}
    cpu: [x64]
    os: [android]
    requiresBuild: true
    dev: true
    optional: true

  /@esbuild/darwin-arm64/0.17.12:
    resolution: {integrity: sha512-O3GCZghRIx+RAN0NDPhyyhRgwa19MoKlzGonIb5hgTj78krqp9XZbYCvFr9N1eUxg0ZQEpiiZ4QvsOQwBpP+lg==}
    engines: {node: '>=12'}
    cpu: [arm64]
    os: [darwin]
    requiresBuild: true
    dev: true
    optional: true

  /@esbuild/darwin-x64/0.17.12:
    resolution: {integrity: sha512-5D48jM3tW27h1qjaD9UNRuN+4v0zvksqZSPZqeSWggfMlsVdAhH3pwSfQIFJwcs9QJ9BRibPS4ViZgs3d2wsCA==}
    engines: {node: '>=12'}
    cpu: [x64]
    os: [darwin]
    requiresBuild: true
    dev: true
    optional: true

  /@esbuild/freebsd-arm64/0.17.12:
    resolution: {integrity: sha512-OWvHzmLNTdF1erSvrfoEBGlN94IE6vCEaGEkEH29uo/VoONqPnoDFfShi41Ew+yKimx4vrmmAJEGNoyyP+OgOQ==}
    engines: {node: '>=12'}
    cpu: [arm64]
    os: [freebsd]
    requiresBuild: true
    dev: true
    optional: true

  /@esbuild/freebsd-x64/0.17.12:
    resolution: {integrity: sha512-A0Xg5CZv8MU9xh4a+7NUpi5VHBKh1RaGJKqjxe4KG87X+mTjDE6ZvlJqpWoeJxgfXHT7IMP9tDFu7IZ03OtJAw==}
    engines: {node: '>=12'}
    cpu: [x64]
    os: [freebsd]
    requiresBuild: true
    dev: true
    optional: true

  /@esbuild/linux-arm/0.17.12:
    resolution: {integrity: sha512-WsHyJ7b7vzHdJ1fv67Yf++2dz3D726oO3QCu8iNYik4fb5YuuReOI9OtA+n7Mk0xyQivNTPbl181s+5oZ38gyA==}
    engines: {node: '>=12'}
    cpu: [arm]
    os: [linux]
    requiresBuild: true
    dev: true
    optional: true

  /@esbuild/linux-arm64/0.17.12:
    resolution: {integrity: sha512-cK3AjkEc+8v8YG02hYLQIQlOznW+v9N+OI9BAFuyqkfQFR+DnDLhEM5N8QRxAUz99cJTo1rLNXqRrvY15gbQUg==}
    engines: {node: '>=12'}
    cpu: [arm64]
    os: [linux]
    requiresBuild: true
    dev: true
    optional: true

  /@esbuild/linux-ia32/0.17.12:
    resolution: {integrity: sha512-jdOBXJqcgHlah/nYHnj3Hrnl9l63RjtQ4vn9+bohjQPI2QafASB5MtHAoEv0JQHVb/xYQTFOeuHnNYE1zF7tYw==}
    engines: {node: '>=12'}
    cpu: [ia32]
    os: [linux]
    requiresBuild: true
    dev: true
    optional: true

  /@esbuild/linux-loong64/0.17.12:
    resolution: {integrity: sha512-GTOEtj8h9qPKXCyiBBnHconSCV9LwFyx/gv3Phw0pa25qPYjVuuGZ4Dk14bGCfGX3qKF0+ceeQvwmtI+aYBbVA==}
    engines: {node: '>=12'}
    cpu: [loong64]
    os: [linux]
    requiresBuild: true
    dev: true
    optional: true

  /@esbuild/linux-mips64el/0.17.12:
    resolution: {integrity: sha512-o8CIhfBwKcxmEENOH9RwmUejs5jFiNoDw7YgS0EJTF6kgPgcqLFjgoc5kDey5cMHRVCIWc6kK2ShUePOcc7RbA==}
    engines: {node: '>=12'}
    cpu: [mips64el]
    os: [linux]
    requiresBuild: true
    dev: true
    optional: true

  /@esbuild/linux-ppc64/0.17.12:
    resolution: {integrity: sha512-biMLH6NR/GR4z+ap0oJYb877LdBpGac8KfZoEnDiBKd7MD/xt8eaw1SFfYRUeMVx519kVkAOL2GExdFmYnZx3A==}
    engines: {node: '>=12'}
    cpu: [ppc64]
    os: [linux]
    requiresBuild: true
    dev: true
    optional: true

  /@esbuild/linux-riscv64/0.17.12:
    resolution: {integrity: sha512-jkphYUiO38wZGeWlfIBMB72auOllNA2sLfiZPGDtOBb1ELN8lmqBrlMiucgL8awBw1zBXN69PmZM6g4yTX84TA==}
    engines: {node: '>=12'}
    cpu: [riscv64]
    os: [linux]
    requiresBuild: true
    dev: true
    optional: true

  /@esbuild/linux-s390x/0.17.12:
    resolution: {integrity: sha512-j3ucLdeY9HBcvODhCY4b+Ds3hWGO8t+SAidtmWu/ukfLLG/oYDMaA+dnugTVAg5fnUOGNbIYL9TOjhWgQB8W5g==}
    engines: {node: '>=12'}
    cpu: [s390x]
    os: [linux]
    requiresBuild: true
    dev: true
    optional: true

  /@esbuild/linux-x64/0.17.12:
    resolution: {integrity: sha512-uo5JL3cgaEGotaqSaJdRfFNSCUJOIliKLnDGWaVCgIKkHxwhYMm95pfMbWZ9l7GeW9kDg0tSxcy9NYdEtjwwmA==}
    engines: {node: '>=12'}
    cpu: [x64]
    os: [linux]
    requiresBuild: true
    dev: true
    optional: true

  /@esbuild/netbsd-x64/0.17.12:
    resolution: {integrity: sha512-DNdoRg8JX+gGsbqt2gPgkgb00mqOgOO27KnrWZtdABl6yWTST30aibGJ6geBq3WM2TIeW6COs5AScnC7GwtGPg==}
    engines: {node: '>=12'}
    cpu: [x64]
    os: [netbsd]
    requiresBuild: true
    dev: true
    optional: true

  /@esbuild/openbsd-x64/0.17.12:
    resolution: {integrity: sha512-aVsENlr7B64w8I1lhHShND5o8cW6sB9n9MUtLumFlPhG3elhNWtE7M1TFpj3m7lT3sKQUMkGFjTQBrvDDO1YWA==}
    engines: {node: '>=12'}
    cpu: [x64]
    os: [openbsd]
    requiresBuild: true
    dev: true
    optional: true

  /@esbuild/sunos-x64/0.17.12:
    resolution: {integrity: sha512-qbHGVQdKSwi0JQJuZznS4SyY27tYXYF0mrgthbxXrZI3AHKuRvU+Eqbg/F0rmLDpW/jkIZBlCO1XfHUBMNJ1pg==}
    engines: {node: '>=12'}
    cpu: [x64]
    os: [sunos]
    requiresBuild: true
    dev: true
    optional: true

  /@esbuild/win32-arm64/0.17.12:
    resolution: {integrity: sha512-zsCp8Ql+96xXTVTmm6ffvoTSZSV2B/LzzkUXAY33F/76EajNw1m+jZ9zPfNJlJ3Rh4EzOszNDHsmG/fZOhtqDg==}
    engines: {node: '>=12'}
    cpu: [arm64]
    os: [win32]
    requiresBuild: true
    dev: true
    optional: true

  /@esbuild/win32-ia32/0.17.12:
    resolution: {integrity: sha512-FfrFjR4id7wcFYOdqbDfDET3tjxCozUgbqdkOABsSFzoZGFC92UK7mg4JKRc/B3NNEf1s2WHxJ7VfTdVDPN3ng==}
    engines: {node: '>=12'}
    cpu: [ia32]
    os: [win32]
    requiresBuild: true
    dev: true
    optional: true

  /@esbuild/win32-x64/0.17.12:
    resolution: {integrity: sha512-JOOxw49BVZx2/5tW3FqkdjSD/5gXYeVGPDcB0lvap0gLQshkh1Nyel1QazC+wNxus3xPlsYAgqU1BUmrmCvWtw==}
    engines: {node: '>=12'}
    cpu: [x64]
    os: [win32]
    requiresBuild: true
    dev: true
    optional: true

  /@jridgewell/sourcemap-codec/1.4.14:
    resolution: {integrity: sha512-XPSJHWmi394fuUuzDnGz1wiKqWfo1yXecHQMRf2l6hztTO+nPru658AyDngaBe7isIxEkRsPR3FZh+s7iVa4Uw==}
    dev: true

  /@rollup/plugin-alias/4.0.3_rollup@2.79.1:
    resolution: {integrity: sha512-ZuDWE1q4PQDhvm/zc5Prun8sBpLJy41DMptYrS6MhAy9s9kL/doN1613BWfEchGVfKxzliJ3BjbOPizXX38DbQ==}
    engines: {node: '>=14.0.0'}
    peerDependencies:
      rollup: ^1.20.0||^2.0.0||^3.0.0
    peerDependenciesMeta:
      rollup:
        optional: true
    dependencies:
      rollup: 2.79.1
      slash: 4.0.0
    dev: true

  /@rollup/plugin-commonjs/24.0.1_rollup@2.79.1:
    resolution: {integrity: sha512-15LsiWRZk4eOGqvrJyu3z3DaBu5BhXIMeWnijSRvd8irrrg9SHpQ1pH+BUK4H6Z9wL9yOxZJMTLU+Au86XHxow==}
    engines: {node: '>=14.0.0'}
    peerDependencies:
      rollup: ^2.68.0||^3.0.0
    peerDependenciesMeta:
      rollup:
        optional: true
    dependencies:
      '@rollup/pluginutils': 5.0.2_rollup@2.79.1
      commondir: 1.0.1
      estree-walker: 2.0.2
      glob: 8.1.0
      is-reference: 1.2.1
      magic-string: 0.27.0
      rollup: 2.79.1
    dev: true

  /@rollup/plugin-inject/5.0.3_rollup@2.79.1:
    resolution: {integrity: sha512-411QlbL+z2yXpRWFXSmw/teQRMkXcAAC8aYTemc15gwJRpvEVDQwoe+N/HTFD8RFG8+88Bme9DK2V9CVm7hJdA==}
    engines: {node: '>=14.0.0'}
    peerDependencies:
      rollup: ^1.20.0||^2.0.0||^3.0.0
    peerDependenciesMeta:
      rollup:
        optional: true
    dependencies:
      '@rollup/pluginutils': 5.0.2_rollup@2.79.1
      estree-walker: 2.0.2
      magic-string: 0.27.0
      rollup: 2.79.1
    dev: true

  /@rollup/plugin-json/6.0.0_rollup@2.79.1:
    resolution: {integrity: sha512-i/4C5Jrdr1XUarRhVu27EEwjt4GObltD7c+MkCIpO2QIbojw8MUs+CCTqOphQi3Qtg1FLmYt+l+6YeoIf51J7w==}
    engines: {node: '>=14.0.0'}
    peerDependencies:
      rollup: ^1.20.0||^2.0.0||^3.0.0
    peerDependenciesMeta:
      rollup:
        optional: true
    dependencies:
      '@rollup/pluginutils': 5.0.2_rollup@2.79.1
      rollup: 2.79.1
    dev: true

  /@rollup/plugin-node-resolve/15.0.1_rollup@2.79.1:
    resolution: {integrity: sha512-ReY88T7JhJjeRVbfCyNj+NXAG3IIsVMsX9b5/9jC98dRP8/yxlZdz7mHZbHk5zHr24wZZICS5AcXsFZAXYUQEg==}
    engines: {node: '>=14.0.0'}
    peerDependencies:
      rollup: ^2.78.0||^3.0.0
    peerDependenciesMeta:
      rollup:
        optional: true
    dependencies:
      '@rollup/pluginutils': 5.0.2_rollup@2.79.1
      '@types/resolve': 1.20.2
      deepmerge: 4.3.1
      is-builtin-module: 3.2.1
      is-module: 1.0.0
      resolve: 1.22.1
      rollup: 2.79.1
    dev: true

  /@rollup/plugin-replace/5.0.2_rollup@2.79.1:
    resolution: {integrity: sha512-M9YXNekv/C/iHHK+cvORzfRYfPbq0RDD8r0G+bMiTXjNGKulPnCT9O3Ss46WfhI6ZOCgApOP7xAdmCQJ+U2LAA==}
    engines: {node: '>=14.0.0'}
    peerDependencies:
      rollup: ^1.20.0||^2.0.0||^3.0.0
    peerDependenciesMeta:
      rollup:
        optional: true
    dependencies:
      '@rollup/pluginutils': 5.0.2_rollup@2.79.1
      magic-string: 0.27.0
      rollup: 2.79.1
    dev: true

  /@rollup/pluginutils/5.0.2_rollup@2.79.1:
    resolution: {integrity: sha512-pTd9rIsP92h+B6wWwFbW8RkZv4hiR/xKsqre4SIuAOaOEQRxi0lqLke9k2/7WegC85GgUs9pjmOjCUi3In4vwA==}
    engines: {node: '>=14.0.0'}
    peerDependencies:
      rollup: ^1.20.0||^2.0.0||^3.0.0
    peerDependenciesMeta:
      rollup:
        optional: true
    dependencies:
      '@types/estree': 1.0.0
      estree-walker: 2.0.2
      picomatch: 2.3.1
      rollup: 2.79.1
    dev: true

  /@ts-rest/core/3.18.1:
    resolution: {integrity: sha512-hS0lze9y1TLRe0rRk0VyIgkYkj4QlBBfpSJgaHOJoEZBEkKS0fIXJ8bg8njhIDu3F6jC2nwZNnLCmMNtZ8WFIQ==}
    peerDependencies:
      zod: ^3.0.0
    peerDependenciesMeta:
      zod:
        optional: true
    dev: true

  /@types/estree/1.0.0:
    resolution: {integrity: sha512-WulqXMDUTYAXCjZnk6JtIHPigp55cVtDgDrO2gHRwhyJto21+1zbVCtOYB2L1F9w4qCQ0rOGWBnBe0FNTiEJIQ==}
    dev: true

  /@types/node/18.15.6:
    resolution: {integrity: sha512-YErOafCZpK4g+Rp3Q/PBgZNAsWKGunQTm9FA3/Pbcm0VCriTEzcrutQ/SxSc0rytAp0NoFWue669jmKhEtd0sA==}
    dev: true

  /@types/resolve/1.20.2:
    resolution: {integrity: sha512-60BCwRFOZCQhDncwQdxxeOEEkbc5dIMccYLwbxsS4TUNeVECQ/pBJ0j09mrHOl/JJvpRPGwO9SvE4nR2Nb/a4Q==}
    dev: true

  /balanced-match/1.0.2:
    resolution: {integrity: sha512-3oSeUO0TMV67hN1AmbXsK4yaqU7tjiHlbxRDZOpH0KW9+CeX4bRAaX0Anxt0tx2MrpRpWwQaPwIlISEJhYU5Pw==}
    dev: true

  /brace-expansion/2.0.1:
    resolution: {integrity: sha512-XnAIvQ8eM+kC6aULx6wuQiwVsnzsi9d3WxzV3FpWTGA19F621kwdbsAcFKXgKUHZWsy+mY6iL1sHTxWEFCytDA==}
    dependencies:
      balanced-match: 1.0.2
    dev: true

  /builtin-modules/3.3.0:
    resolution: {integrity: sha512-zhaCDicdLuWN5UbN5IMnFqNMhNfo919sH85y2/ea+5Yg9TsTkeZxpL+JLbp6cgYFS4sRLp3YV4S6yDuqVWHYOw==}
    engines: {node: '>=6'}
    dev: true

  /commondir/1.0.1:
    resolution: {integrity: sha512-W9pAhw0ja1Edb5GVdIF1mjZw/ASI0AlShXM83UUGe2DVr5TdAPEA1OA8m/g8zWp9x6On7gqufY+FatDbC3MDQg==}
    dev: true

  /deepmerge/4.3.1:
    resolution: {integrity: sha512-3sUqbMEc77XqpdNO7FRyRog+eW3ph+GYCbj+rK+uYyRMuwsVy0rMiVtPn+QJlKFvWP/1PYpapqYn0Me2knFn+A==}
    engines: {node: '>=0.10.0'}
    dev: true

  /esbuild/0.17.12:
    resolution: {integrity: sha512-bX/zHl7Gn2CpQwcMtRogTTBf9l1nl+H6R8nUbjk+RuKqAE3+8FDulLA+pHvX7aA7Xe07Iwa+CWvy9I8Y2qqPKQ==}
    engines: {node: '>=12'}
    hasBin: true
    requiresBuild: true
    optionalDependencies:
      '@esbuild/android-arm': 0.17.12
      '@esbuild/android-arm64': 0.17.12
      '@esbuild/android-x64': 0.17.12
      '@esbuild/darwin-arm64': 0.17.12
      '@esbuild/darwin-x64': 0.17.12
      '@esbuild/freebsd-arm64': 0.17.12
      '@esbuild/freebsd-x64': 0.17.12
      '@esbuild/linux-arm': 0.17.12
      '@esbuild/linux-arm64': 0.17.12
      '@esbuild/linux-ia32': 0.17.12
      '@esbuild/linux-loong64': 0.17.12
      '@esbuild/linux-mips64el': 0.17.12
      '@esbuild/linux-ppc64': 0.17.12
      '@esbuild/linux-riscv64': 0.17.12
      '@esbuild/linux-s390x': 0.17.12
      '@esbuild/linux-x64': 0.17.12
      '@esbuild/netbsd-x64': 0.17.12
      '@esbuild/openbsd-x64': 0.17.12
      '@esbuild/sunos-x64': 0.17.12
      '@esbuild/win32-arm64': 0.17.12
      '@esbuild/win32-ia32': 0.17.12
      '@esbuild/win32-x64': 0.17.12
    dev: true

  /estree-walker/2.0.2:
    resolution: {integrity: sha512-Rfkk/Mp/DL7JVje3u18FxFujQlTNR2q6QfMSMB7AvCBx91NGj/ba3kCfza0f6dVDbw7YlRf/nDrn7pQrCCyQ/w==}
    dev: true

  /fs.realpath/1.0.0:
    resolution: {integrity: sha512-OO0pH2lK6a0hZnAdau5ItzHPI6pUlvI7jMVnxUQRtw4owF2wk8lOSabtGDCTP4Ggrg2MbGnWO9X8K1t4+fGMDw==}
    dev: true

  /fsevents/2.3.2:
    resolution: {integrity: sha512-xiqMQR4xAeHTuB9uWm+fFRcIOgKBMiOBP+eXiyT7jsgVCq1bkVygt00oASowB7EdtpOHaaPgKt812P9ab+DDKA==}
    engines: {node: ^8.16.0 || ^10.6.0 || >=11.0.0}
    os: [darwin]
    requiresBuild: true
    dev: true
    optional: true

  /function-bind/1.1.1:
    resolution: {integrity: sha512-yIovAzMX49sF8Yl58fSCWJ5svSLuaibPxXQJFLmBObTuCr0Mf1KiPopGM9NiFjiYBCbfaa2Fh6breQ6ANVTI0A==}
    dev: true

  /glob/8.1.0:
    resolution: {integrity: sha512-r8hpEjiQEYlF2QU0df3dS+nxxSIreXQS1qRhMJM0Q5NDdR386C7jb7Hwwod8Fgiuex+k0GFjgft18yvxm5XoCQ==}
    engines: {node: '>=12'}
    dependencies:
      fs.realpath: 1.0.0
      inflight: 1.0.6
      inherits: 2.0.4
      minimatch: 5.1.6
      once: 1.4.0
    dev: true

  /glob/9.3.2:
    resolution: {integrity: sha512-BTv/JhKXFEHsErMte/AnfiSv8yYOLLiyH2lTg8vn02O21zWFgHPTfxtgn1QRe7NRgggUhC8hacR2Re94svHqeA==}
    engines: {node: '>=16 || 14 >=14.17'}
    dependencies:
      fs.realpath: 1.0.0
      minimatch: 7.4.3
      minipass: 4.2.5
      path-scurry: 1.6.3
    dev: true

  /has/1.0.3:
    resolution: {integrity: sha512-f2dvO0VU6Oej7RkWJGrehjbzMAjFp5/VKPp5tTpWIV4JHHZK1/BxbFRtf/siA2SWTe09caDmVtYYzWEIbBS4zw==}
    engines: {node: '>= 0.4.0'}
    dependencies:
      function-bind: 1.1.1
    dev: true

  /hono/3.1.2:
    resolution: {integrity: sha512-keNMGSlBX2VbwD5gF10Xu0zuUm9mTy1HWctIhuom8FJEJY6aKo1Bb/vQXTEjBupKDG7MJi2aG05YMo01GjkMQA==}
    engines: {node: '>=16.0.0'}
    dev: true

  /inflight/1.0.6:
    resolution: {integrity: sha512-k92I/b08q4wvFscXCLvqfsHCrjrF7yiXsQuIVvVE7N82W3+aqpzuUdBbfhWcy/FZR3/4IgflMgKLOsvPDrGCJA==}
    dependencies:
      once: 1.4.0
      wrappy: 1.0.2
    dev: true

  /inherits/2.0.4:
    resolution: {integrity: sha512-k/vGaX4/Yla3WzyMCvTQOXYeIHvqOKtnqBduzTHpzpQZzAskKMhZ2K+EnBiSM9zGSoIFeMpXKxa4dYeZIQqewQ==}
    dev: true

  /is-builtin-module/3.2.1:
    resolution: {integrity: sha512-BSLE3HnV2syZ0FK0iMA/yUGplUeMmNz4AW5fnTunbCIqZi4vG3WjJT9FHMy5D69xmAYBHXQhJdALdpwVxV501A==}
    engines: {node: '>=6'}
    dependencies:
      builtin-modules: 3.3.0
    dev: true

  /is-core-module/2.11.0:
    resolution: {integrity: sha512-RRjxlvLDkD1YJwDbroBHMb+cukurkDWNyHx7D3oNB5x9rb5ogcksMC5wHCadcXoo67gVr/+3GFySh3134zi6rw==}
    dependencies:
      has: 1.0.3
    dev: true

  /is-module/1.0.0:
    resolution: {integrity: sha512-51ypPSPCoTEIN9dy5Oy+h4pShgJmPCygKfyRCISBI+JoWT/2oJvK8QPxmwv7b/p239jXrm9M1mlQbyKJ5A152g==}
    dev: true

  /is-reference/1.2.1:
    resolution: {integrity: sha512-U82MsXXiFIrjCK4otLT+o2NA2Cd2g5MLoOVXUZjIOhLurrRxpEXzI8O0KZHr3IjLvlAH1kTPYSuqer5T9ZVBKQ==}
    dependencies:
      '@types/estree': 1.0.0
    dev: true

  /lru-cache/7.18.3:
    resolution: {integrity: sha512-jumlc0BIUrS3qJGgIkWZsyfAM7NCWiBcCDhnd+3NNM5KbBmLTgHVfWBcg6W+rLUsIpzpERPsvwUP7CckAQSOoA==}
    engines: {node: '>=12'}
    dev: true

  /magic-string/0.27.0:
    resolution: {integrity: sha512-8UnnX2PeRAPZuN12svgR9j7M1uWMovg/CEnIwIG0LFkXSJJe4PdfUGiTGl8V9bsBHFUtfVINcSyYxd7q+kx9fA==}
    engines: {node: '>=12'}
    dependencies:
      '@jridgewell/sourcemap-codec': 1.4.14
    dev: true

  /magic-string/0.29.0:
    resolution: {integrity: sha512-WcfidHrDjMY+eLjlU+8OvwREqHwpgCeKVBUpQ3OhYYuvfaYCUgcbuBzappNzZvg/v8onU3oQj+BYpkOJe9Iw4Q==}
    engines: {node: '>=12'}
    dependencies:
      '@jridgewell/sourcemap-codec': 1.4.14
    dev: true

  /minimatch/5.1.6:
    resolution: {integrity: sha512-lKwV/1brpG6mBUFHtb7NUmtABCb2WZZmm2wNiOA5hAb8VdCS4B3dtMWyvcoViccwAW/COERjXLt0zP1zXUN26g==}
    engines: {node: '>=10'}
    dependencies:
      brace-expansion: 2.0.1
    dev: true

  /minimatch/7.4.3:
    resolution: {integrity: sha512-5UB4yYusDtkRPbRiy1cqZ1IpGNcJCGlEMG17RKzPddpyiPKoCdwohbED8g4QXT0ewCt8LTkQXuljsUfQ3FKM4A==}
    engines: {node: '>=10'}
    dependencies:
      brace-expansion: 2.0.1
    dev: true

  /minipass/4.2.5:
    resolution: {integrity: sha512-+yQl7SX3bIT83Lhb4BVorMAHVuqsskxRdlmO9kTpyukp8vsm2Sn/fUOV9xlnG8/a5JsypJzap21lz/y3FBMJ8Q==}
    engines: {node: '>=8'}
    dev: true

  /once/1.4.0:
    resolution: {integrity: sha512-lNaJgI+2Q5URQBkccEKHTQOPaXdUxnZZElQTZY0MFUAuaEqe1E+Nyvgdz/aIyNi6Z9MzO5dv1H8n58/GELp3+w==}
    dependencies:
      wrappy: 1.0.2
    dev: true

  /path-parse/1.0.7:
    resolution: {integrity: sha512-LDJzPVEEEPR+y48z93A0Ed0yXb8pAByGWo/k5YYdYgpY2/2EsOsksJrq7lOHxryrVOn1ejG6oAp8ahvOIQD8sw==}
    dev: true

  /path-scurry/1.6.3:
    resolution: {integrity: sha512-RAmB+n30SlN+HnNx6EbcpoDy9nwdpcGPnEKrJnu6GZoDWBdIjo1UQMVtW2ybtC7LC2oKLcMq8y5g8WnKLiod9g==}
    engines: {node: '>=16 || 14 >=14.17'}
    dependencies:
      lru-cache: 7.18.3
      minipass: 4.2.5
    dev: true

  /picomatch/2.3.1:
    resolution: {integrity: sha512-JU3teHTNjmE2VCGFzuY8EXzCDVwEqB2a8fsIvwaStHhAWJEeVd1o1QD80CU6+ZdEXXSLbSsuLwJjkCBWqRQUVA==}
    engines: {node: '>=8.6'}
    dev: true

  /pkgroll/1.9.0_typescript@4.9.5:
    resolution: {integrity: sha512-/DU749mcLLo3NHvCNi87nIIQkzk0nh3ZIq4fRWmgr1V+2UTJRgVCvg/nxn2Hz+Mv4j7CTxutdAOOgmu+wSi5bw==}
    hasBin: true
    peerDependencies:
      typescript: ^4.1
    peerDependenciesMeta:
      typescript:
        optional: true
    dependencies:
      '@rollup/plugin-alias': 4.0.3_rollup@2.79.1
      '@rollup/plugin-commonjs': 24.0.1_rollup@2.79.1
      '@rollup/plugin-inject': 5.0.3_rollup@2.79.1
      '@rollup/plugin-json': 6.0.0_rollup@2.79.1
      '@rollup/plugin-node-resolve': 15.0.1_rollup@2.79.1
      '@rollup/plugin-replace': 5.0.2_rollup@2.79.1
      '@rollup/pluginutils': 5.0.2_rollup@2.79.1
      esbuild: 0.17.12
      magic-string: 0.29.0
      rollup: 2.79.1
      typescript: 4.9.5
    dev: true

  /resolve/1.22.1:
    resolution: {integrity: sha512-nBpuuYuY5jFsli/JIs1oldw6fOQCBioohqWZg/2hiaOybXOft4lonv85uDOKXdf8rhyK159cxU5cDcK/NKk8zw==}
    hasBin: true
    dependencies:
      is-core-module: 2.11.0
      path-parse: 1.0.7
      supports-preserve-symlinks-flag: 1.0.0
    dev: true

  /rimraf/4.4.1:
    resolution: {integrity: sha512-Gk8NlF062+T9CqNGn6h4tls3k6T1+/nXdOcSZVikNVtlRdYpA7wRJJMoXmuvOnLW844rPjdQ7JgXCYM6PPC/og==}
    engines: {node: '>=14'}
    hasBin: true
    dependencies:
      glob: 9.3.2
    dev: true

  /rollup/2.79.1:
    resolution: {integrity: sha512-uKxbd0IhMZOhjAiD5oAFp7BqvkA4Dv47qpOCtaNvng4HBwdbWtdOh8f5nZNuk2rp51PMGk3bzfWu5oayNEuYnw==}
    engines: {node: '>=10.0.0'}
    hasBin: true
    optionalDependencies:
      fsevents: 2.3.2
    dev: true

  /slash/4.0.0:
    resolution: {integrity: sha512-3dOsAHXXUkQTpOYcoAxLIorMTp4gIQr5IW3iVb7A7lFIp0VHhnynm9izx6TssdrIcVIESAlVjtnO2K8bg+Coew==}
    engines: {node: '>=12'}
    dev: true

  /supports-preserve-symlinks-flag/1.0.0:
    resolution: {integrity: sha512-ot0WnXS9fgdkgIcePe6RHNk1WA8+muPa6cSjeR3V8K27q9BB1rTE3R1p7Hv0z1ZyAc8s6Vvv8DIyWf681MAt0w==}
    engines: {node: '>= 0.4'}
    dev: true

  /typescript/4.9.5:
    resolution: {integrity: sha512-1FXk9E2Hm+QzZQ7z+McJiHL4NW1F2EzMu9Nq9i3zAaGqibafqYwCVU6WyWAuyQRRzOlxou8xZSyXLEN8oKj24g==}
    engines: {node: '>=4.2.0'}
    hasBin: true
    dev: true

  /wrappy/1.0.2:
    resolution: {integrity: sha512-l4Sp/DRseor9wL6EvV2+TuQn63dMkPjZ/sp9XkghTEbV9KlPS1xUsZ3u7/IQO4wxtcFB4bgpQPRcR3QCvezPcQ==}
    dev: true
